
Microsoft Visual Studio Solution File, Format Version 12.00
# Visual Studio Version 17
VisualStudioVersion = 17.14.36327.8 d17.14
MinimumVisualStudioVersion = 10.0.40219.1
Project("{FAE04EC0-301F-11D3-BF4B-00C04F79EFBC}") = "EFTest", "EFTest\EFTest.csproj", "{04025BEE-C357-40F3-8BFC-CF24285CDCA0}"
EndProject
Global
	GlobalSection(SolutionConfigurationPlatforms) = preSolution
		Debug|Any CPU = Debug|Any CPU
		Release|Any CPU = Release|Any CPU
	EndGlobalSection
	GlobalSection(ProjectConfigurationPlatforms) = postSolution
		{04025BEE-C357-40F3-8BFC-CF24285CDCA0}.Debug|Any CPU.ActiveCfg = Debug|Any CPU
		{04025BEE-C357-40F3-8BFC-CF24285CDCA0}.Debug|Any CPU.Build.0 = Debug|Any CPU
		{04025BEE-C357-40F3-8BFC-CF24285CDCA0}.Release|Any CPU.ActiveCfg = Release|Any CPU
		{04025BEE-C357-40F3-8BFC-CF24285CDCA0}.Release|Any CPU.Build.0 = Release|Any CPU
	EndGlobalSection
	GlobalSection(SolutionProperties) = preSolution
		HideSolutionNode = FALSE
	EndGlobalSection
	GlobalSection(ExtensibilityGlobals) = postSolution
		SolutionGuid = {E8089C9F-00F3-4928-8928-7E470205B7F7}
	EndGlobalSection
EndGlobal
