
Microsoft Visual Studio Solution File, Format Version 12.00
# Visual Studio Version 17
VisualStudioVersion = 17.14.36401.2 d17.14
MinimumVisualStudioVersion = 10.0.40219.1
Project("{FAE04EC0-301F-11D3-BF4B-00C04F79EFBC}") = "Banco II", "Banco II\Banco II.csproj", "{30F45A26-7B4E-4D08-9C56-8A9CF73430C1}"
EndProject
Global
	GlobalSection(SolutionConfigurationPlatforms) = preSolution
		Debug|Any CPU = Debug|Any CPU
		Release|Any CPU = Release|Any CPU
	EndGlobalSection
	GlobalSection(ProjectConfigurationPlatforms) = postSolution
		{30F45A26-7B4E-4D08-9C56-8A9CF73430C1}.Debug|Any CPU.ActiveCfg = Debug|Any CPU
		{30F45A26-7B4E-4D08-9C56-8A9CF73430C1}.Debug|Any CPU.Build.0 = Debug|Any CPU
		{30F45A26-7B4E-4D08-9C56-8A9CF73430C1}.Release|Any CPU.ActiveCfg = Release|Any CPU
		{30F45A26-7B4E-4D08-9C56-8A9CF73430C1}.Release|Any CPU.Build.0 = Release|Any CPU
	EndGlobalSection
	GlobalSection(SolutionProperties) = preSolution
		HideSolutionNode = FALSE
	EndGlobalSection
	GlobalSection(ExtensibilityGlobals) = postSolution
		SolutionGuid = {EA51029F-0FB7-470F-94F1-7EF43FB711B7}
	EndGlobalSection
EndGlobal
